
Microsoft Visual Studio Solution File, Format Version 9.00
# Visual Studio 2005
Project("{FAE04EC0-301F-11D3-BF4B-00C04F79EFBC}") = "DatabaseManager.Data", "DatabaseManager.Data.csproj", "{09CDC1CD-9F37-4B7B-97B7-455E04FE14DC}"
EndProject
Global
	GlobalSection(SolutionConfigurationPlatforms) = preSolution
		Debug|Any CPU = Debug|Any CPU
		Release|Any CPU = Release|Any CPU
	EndGlobalSection
	GlobalSection(ProjectConfigurationPlatforms) = postSolution
		{09CDC1CD-9F37-4B7B-97B7-455E04FE14DC}.Debug|Any CPU.ActiveCfg = Debug|Any CPU
		{09CDC1CD-9F37-4B7B-97B7-455E04FE14DC}.Debug|Any CPU.Build.0 = Debug|Any CPU
		{09CDC1CD-9F37-4B7B-97B7-455E04FE14DC}.Release|Any CPU.ActiveCfg = Release|Any CPU
		{09CDC1CD-9F37-4B7B-97B7-455E04FE14DC}.Release|Any CPU.Build.0 = Release|Any CPU
	EndGlobalSection
	GlobalSection(SolutionProperties) = preSolution
		HideSolutionNode = FALSE
	EndGlobalSection
EndGlobal
